
Microsoft Visual Studio Solution File, Format Version 12.00
# Visual Studio Version 17
VisualStudioVersion = 17.8.34330.188
MinimumVisualStudioVersion = 10.0.40219.1
Project("{9A19103F-16F7-4668-BE54-9A1E7A4F7556}") = "Intiq.Client.EnrollmentIdentity.Cryptography", "Intiq.Client.EnrollmentIdentity.Cryptography\Intiq.Client.EnrollmentIdentity.Cryptography.csproj", "{690670D0-1124-4682-A57B-DE94DFBC9D86}"
EndProject
Project("{9A19103F-16F7-4668-BE54-9A1E7A4F7556}") = "Intiq.Client.EnrollmentIdentity", "Intiq.Client.EnrollmentIdentity\Intiq.Client.EnrollmentIdentity.csproj", "{AD9422FB-771C-4CC4-B33E-3C3563F035E3}"
EndProject
Project("{9A19103F-16F7-4668-BE54-9A1E7A4F7556}") = "Intiq.Client.EnrollmentIdentity.Sample", "Intiq.Client.EnrollmentIdentity.Sample\Intiq.Client.EnrollmentIdentity.Sample.csproj", "{29FD9AF7-73E6-411F-A954-AF3295DC989B}"
EndProject
Project("{9A19103F-16F7-4668-BE54-9A1E7A4F7556}") = "Intiq.Client.EnrollmentIdentity.Domain", "Intiq.Client.EnrollmentIdentity.Domain\Intiq.Client.EnrollmentIdentity.Domain.csproj", "{34457C29-04B8-4287-A024-6DA338AF75CE}"
EndProject
Global
	GlobalSection(SolutionConfigurationPlatforms) = preSolution
		Debug|Any CPU = Debug|Any CPU
		Release|Any CPU = Release|Any CPU
	EndGlobalSection
	GlobalSection(ProjectConfigurationPlatforms) = postSolution
		{690670D0-1124-4682-A57B-DE94DFBC9D86}.Debug|Any CPU.ActiveCfg = Debug|Any CPU
		{690670D0-1124-4682-A57B-DE94DFBC9D86}.Debug|Any CPU.Build.0 = Debug|Any CPU
		{690670D0-1124-4682-A57B-DE94DFBC9D86}.Release|Any CPU.ActiveCfg = Release|Any CPU
		{690670D0-1124-4682-A57B-DE94DFBC9D86}.Release|Any CPU.Build.0 = Release|Any CPU
		{AD9422FB-771C-4CC4-B33E-3C3563F035E3}.Debug|Any CPU.ActiveCfg = Debug|Any CPU
		{AD9422FB-771C-4CC4-B33E-3C3563F035E3}.Debug|Any CPU.Build.0 = Debug|Any CPU
		{AD9422FB-771C-4CC4-B33E-3C3563F035E3}.Release|Any CPU.ActiveCfg = Release|Any CPU
		{AD9422FB-771C-4CC4-B33E-3C3563F035E3}.Release|Any CPU.Build.0 = Release|Any CPU
		{29FD9AF7-73E6-411F-A954-AF3295DC989B}.Debug|Any CPU.ActiveCfg = Debug|Any CPU
		{29FD9AF7-73E6-411F-A954-AF3295DC989B}.Debug|Any CPU.Build.0 = Debug|Any CPU
		{29FD9AF7-73E6-411F-A954-AF3295DC989B}.Release|Any CPU.ActiveCfg = Release|Any CPU
		{29FD9AF7-73E6-411F-A954-AF3295DC989B}.Release|Any CPU.Build.0 = Release|Any CPU
		{34457C29-04B8-4287-A024-6DA338AF75CE}.Debug|Any CPU.ActiveCfg = Debug|Any CPU
		{34457C29-04B8-4287-A024-6DA338AF75CE}.Debug|Any CPU.Build.0 = Debug|Any CPU
		{34457C29-04B8-4287-A024-6DA338AF75CE}.Release|Any CPU.ActiveCfg = Release|Any CPU
		{34457C29-04B8-4287-A024-6DA338AF75CE}.Release|Any CPU.Build.0 = Release|Any CPU
	EndGlobalSection
	GlobalSection(SolutionProperties) = preSolution
		HideSolutionNode = FALSE
	EndGlobalSection
	GlobalSection(ExtensibilityGlobals) = postSolution
		SolutionGuid = {BDE39A89-F743-4F74-B2F3-868A4C996AAE}
	EndGlobalSection
EndGlobal
